
Microsoft Visual Studio Solution File, Format Version 12.00
# Visual Studio Version 16
VisualStudioVersion = 16.0.30204.135
MinimumVisualStudioVersion = 10.0.40219.1
Project("{F184B08F-C81C-45F6-A57F-5ABD9991F28F}") = "InfLetterTest", "InfLetterTest.vbproj", "{B5D34F8E-B8B0-49C9-A51F-AB02D445BDFB}"
EndProject
Global
	GlobalSection(SolutionConfigurationPlatforms) = preSolution
		Debug|Any CPU = Debug|Any CPU
		Release|Any CPU = Release|Any CPU
	EndGlobalSection
	GlobalSection(ProjectConfigurationPlatforms) = postSolution
		{B5D34F8E-B8B0-49C9-A51F-AB02D445BDFB}.Debug|Any CPU.ActiveCfg = Debug|Any CPU
		{B5D34F8E-B8B0-49C9-A51F-AB02D445BDFB}.Debug|Any CPU.Build.0 = Debug|Any CPU
		{B5D34F8E-B8B0-49C9-A51F-AB02D445BDFB}.Release|Any CPU.ActiveCfg = Release|Any CPU
		{B5D34F8E-B8B0-49C9-A51F-AB02D445BDFB}.Release|Any CPU.Build.0 = Release|Any CPU
	EndGlobalSection
	GlobalSection(SolutionProperties) = preSolution
		HideSolutionNode = FALSE
	EndGlobalSection
	GlobalSection(ExtensibilityGlobals) = postSolution
		SolutionGuid = {2DDE9994-AF87-44AD-8508-20EE05327F0D}
	EndGlobalSection
EndGlobal
